
Microsoft Visual Studio Solution File, Format Version 12.00
# Visual Studio 15
VisualStudioVersion = 15.0.28307.329
MinimumVisualStudioVersion = 10.0.40219.1
Project("{FAE04EC0-301F-11D3-BF4B-00C04F79EFBC}") = "TsSharp", "TsSharp\TsSharp.csproj", "{45112A39-20B2-4428-A17C-AF85FB0B1623}"
EndProject
Global
	GlobalSection(SolutionConfigurationPlatforms) = preSolution
		Debug|Any CPU = Debug|Any CPU
		Release|Any CPU = Release|Any CPU
	EndGlobalSection
	GlobalSection(ProjectConfigurationPlatforms) = postSolution
		{45112A39-20B2-4428-A17C-AF85FB0B1623}.Debug|Any CPU.ActiveCfg = Debug|Any CPU
		{45112A39-20B2-4428-A17C-AF85FB0B1623}.Debug|Any CPU.Build.0 = Debug|Any CPU
		{45112A39-20B2-4428-A17C-AF85FB0B1623}.Release|Any CPU.ActiveCfg = Release|Any CPU
		{45112A39-20B2-4428-A17C-AF85FB0B1623}.Release|Any CPU.Build.0 = Release|Any CPU
	EndGlobalSection
	GlobalSection(SolutionProperties) = preSolution
		HideSolutionNode = FALSE
	EndGlobalSection
	GlobalSection(ExtensibilityGlobals) = postSolution
		SolutionGuid = {16DCFEA8-45CA-46A3-8275-3A133A6EAD6F}
	EndGlobalSection
EndGlobal
